{
  "pins" : [
    {
      "identity" : "swift-image",
      "kind" : "remoteSourceControl",
      "location" : "https://github.com/koher/swift-image",
      "state" : {
        "revision" : "c61b8cf4613a7fc80d1c2a84231cef2909e837a1",
        "version" : "0.7.1"
      }
    }
  ],
  "version" : 2
}
